
Microsoft Visual Studio Solution File, Format Version 12.00
# Visual Studio 14
VisualStudioVersion = 14.0.25420.1
MinimumVisualStudioVersion = 10.0.40219.1
Project("{8BC9CEB8-8B4A-11D0-8D11-00A0C91BC942}") = "ESP", "ESP\ESP.vcxproj", "{0715618A-6A51-41F5-89C3-5D6ECAFA7129}"
	ProjectSection(ProjectDependencies) = postProject
		{6F21F33B-E906-479C-BA68-1D26745B60F0} = {6F21F33B-E906-479C-BA68-1D26745B60F0}
	EndProjectSection
EndProject
Project("{8BC9CEB8-8B4A-11D0-8D11-00A0C91BC942}") = "MusicLibrary", "MusicLibrary\MusicLibrary.vcxproj", "{6F21F33B-E906-479C-BA68-1D26745B60F0}"
EndProject
Project("{FAE04EC0-301F-11D3-BF4B-00C04F79EFBC}") = "WindowsControl", "WindowsControl\WindowsControl.csproj", "{C01929F0-4A88-4D49-B8ED-E66FCB9F5BA7}"
EndProject
Project("{8BC9CEB8-8B4A-11D0-8D11-00A0C91BC942}") = "MusicStripe", "MusicStripe\MusicStripe.vcxproj", "{C5F80730-F44F-4478-BDAE-6634EFC2CA88}"
EndProject
Project("{8BC9CEB8-8B4A-11D0-8D11-00A0C91BC942}") = "TEST", "TEST\TEST.vcxproj", "{AC1A01E2-3421-40F5-9BBF-112B74ACBED3}"
EndProject
Global
	GlobalSection(SolutionConfigurationPlatforms) = preSolution
		Debug|ARM = Debug|ARM
		Debug|x64 = Debug|x64
		Debug|x86 = Debug|x86
		Release|ARM = Release|ARM
		Release|x64 = Release|x64
		Release|x86 = Release|x86
	EndGlobalSection
	GlobalSection(ProjectConfigurationPlatforms) = postSolution
		{0715618A-6A51-41F5-89C3-5D6ECAFA7129}.Debug|ARM.ActiveCfg = Debug|Win32
		{0715618A-6A51-41F5-89C3-5D6ECAFA7129}.Debug|x64.ActiveCfg = Debug|Win32
		{0715618A-6A51-41F5-89C3-5D6ECAFA7129}.Debug|x86.ActiveCfg = Debug|Win32
		{0715618A-6A51-41F5-89C3-5D6ECAFA7129}.Debug|x86.Build.0 = Debug|Win32
		{0715618A-6A51-41F5-89C3-5D6ECAFA7129}.Release|ARM.ActiveCfg = Release|Win32
		{0715618A-6A51-41F5-89C3-5D6ECAFA7129}.Release|x64.ActiveCfg = Release|Win32
		{0715618A-6A51-41F5-89C3-5D6ECAFA7129}.Release|x86.ActiveCfg = Release|Win32
		{0715618A-6A51-41F5-89C3-5D6ECAFA7129}.Release|x86.Build.0 = Release|Win32
		{6F21F33B-E906-479C-BA68-1D26745B60F0}.Debug|ARM.ActiveCfg = Debug|Win32
		{6F21F33B-E906-479C-BA68-1D26745B60F0}.Debug|x64.ActiveCfg = Debug|Win32
		{6F21F33B-E906-479C-BA68-1D26745B60F0}.Debug|x86.ActiveCfg = Debug|Win32
		{6F21F33B-E906-479C-BA68-1D26745B60F0}.Debug|x86.Build.0 = Debug|Win32
		{6F21F33B-E906-479C-BA68-1D26745B60F0}.Release|ARM.ActiveCfg = Release|Win32
		{6F21F33B-E906-479C-BA68-1D26745B60F0}.Release|x64.ActiveCfg = Release|Win32
		{6F21F33B-E906-479C-BA68-1D26745B60F0}.Release|x86.ActiveCfg = Release|Win32
		{6F21F33B-E906-479C-BA68-1D26745B60F0}.Release|x86.Build.0 = Release|Win32
		{C01929F0-4A88-4D49-B8ED-E66FCB9F5BA7}.Debug|ARM.ActiveCfg = Debug|ARM
		{C01929F0-4A88-4D49-B8ED-E66FCB9F5BA7}.Debug|ARM.Build.0 = Debug|ARM
		{C01929F0-4A88-4D49-B8ED-E66FCB9F5BA7}.Debug|ARM.Deploy.0 = Debug|ARM
		{C01929F0-4A88-4D49-B8ED-E66FCB9F5BA7}.Debug|x64.ActiveCfg = Debug|x64
		{C01929F0-4A88-4D49-B8ED-E66FCB9F5BA7}.Debug|x64.Build.0 = Debug|x64
		{C01929F0-4A88-4D49-B8ED-E66FCB9F5BA7}.Debug|x64.Deploy.0 = Debug|x64
		{C01929F0-4A88-4D49-B8ED-E66FCB9F5BA7}.Debug|x86.ActiveCfg = Debug|x86
		{C01929F0-4A88-4D49-B8ED-E66FCB9F5BA7}.Debug|x86.Build.0 = Debug|x86
		{C01929F0-4A88-4D49-B8ED-E66FCB9F5BA7}.Debug|x86.Deploy.0 = Debug|x86
		{C01929F0-4A88-4D49-B8ED-E66FCB9F5BA7}.Release|ARM.ActiveCfg = Release|ARM
		{C01929F0-4A88-4D49-B8ED-E66FCB9F5BA7}.Release|ARM.Build.0 = Release|ARM
		{C01929F0-4A88-4D49-B8ED-E66FCB9F5BA7}.Release|ARM.Deploy.0 = Release|ARM
		{C01929F0-4A88-4D49-B8ED-E66FCB9F5BA7}.Release|x64.ActiveCfg = Release|x64
		{C01929F0-4A88-4D49-B8ED-E66FCB9F5BA7}.Release|x64.Build.0 = Release|x64
		{C01929F0-4A88-4D49-B8ED-E66FCB9F5BA7}.Release|x64.Deploy.0 = Release|x64
		{C01929F0-4A88-4D49-B8ED-E66FCB9F5BA7}.Release|x86.ActiveCfg = Release|x86
		{C01929F0-4A88-4D49-B8ED-E66FCB9F5BA7}.Release|x86.Build.0 = Release|x86
		{C01929F0-4A88-4D49-B8ED-E66FCB9F5BA7}.Release|x86.Deploy.0 = Release|x86
		{C5F80730-F44F-4478-BDAE-6634EFC2CA88}.Debug|ARM.ActiveCfg = Debug|Win32
		{C5F80730-F44F-4478-BDAE-6634EFC2CA88}.Debug|x64.ActiveCfg = Debug|Win32
		{C5F80730-F44F-4478-BDAE-6634EFC2CA88}.Debug|x86.ActiveCfg = Debug|Win32
		{C5F80730-F44F-4478-BDAE-6634EFC2CA88}.Debug|x86.Build.0 = Debug|Win32
		{C5F80730-F44F-4478-BDAE-6634EFC2CA88}.Release|ARM.ActiveCfg = Release|Win32
		{C5F80730-F44F-4478-BDAE-6634EFC2CA88}.Release|x64.ActiveCfg = Release|Win32
		{C5F80730-F44F-4478-BDAE-6634EFC2CA88}.Release|x86.ActiveCfg = Release|Win32
		{C5F80730-F44F-4478-BDAE-6634EFC2CA88}.Release|x86.Build.0 = Release|Win32
		{AC1A01E2-3421-40F5-9BBF-112B74ACBED3}.Debug|ARM.ActiveCfg = Debug|Win32
		{AC1A01E2-3421-40F5-9BBF-112B74ACBED3}.Debug|x64.ActiveCfg = Debug|Win32
		{AC1A01E2-3421-40F5-9BBF-112B74ACBED3}.Debug|x86.ActiveCfg = Debug|Win32
		{AC1A01E2-3421-40F5-9BBF-112B74ACBED3}.Debug|x86.Build.0 = Debug|Win32
		{AC1A01E2-3421-40F5-9BBF-112B74ACBED3}.Release|ARM.ActiveCfg = Release|Win32
		{AC1A01E2-3421-40F5-9BBF-112B74ACBED3}.Release|x64.ActiveCfg = Release|Win32
		{AC1A01E2-3421-40F5-9BBF-112B74ACBED3}.Release|x86.ActiveCfg = Release|Win32
		{AC1A01E2-3421-40F5-9BBF-112B74ACBED3}.Release|x86.Build.0 = Release|Win32
	EndGlobalSection
	GlobalSection(SolutionProperties) = preSolution
		HideSolutionNode = FALSE
	EndGlobalSection
EndGlobal
